Microsoft Visual Studio Solution File, Format Version 12.00
# Visual Studio Version 17
VisualStudioVersion = 17.5.2.0
MinimumVisualStudioVersion = 10.0.40219.1
Project("{2150E333-8FDC-42A3-9474-1A3956D46DE8}") = "apps", "apps", "{1787FE1D-075E-9E68-7218-25F1BD1BBEAB}"
EndProject
Project("{2150E333-8FDC-42A3-9474-1A3956D46DE8}") = "dotnet-api", "dotnet-api", "{06EE7611-FA4C-6E8B-6021-F512147C5438}"
EndProject
Project("{FAE04EC0-301F-11D3-BF4B-00C04F79EFBC}") = "DevSecOps.Template.Api", "apps\dotnet-api\DevSecOps.Template.Api.csproj", "{3941A7B7-A640-5BD7-D40A-DE167CEEA9B8}"
EndProject
Global
	GlobalSection(SolutionConfigurationPlatforms) = preSolution
		Debug|Any CPU = Debug|Any CPU
		Release|Any CPU = Release|Any CPU
	EndGlobalSection
	GlobalSection(ProjectConfigurationPlatforms) = postSolution
		{3941A7B7-A640-5BD7-D40A-DE167CEEA9B8}.Debug|Any CPU.ActiveCfg = Debug|Any CPU
		{3941A7B7-A640-5BD7-D40A-DE167CEEA9B8}.Debug|Any CPU.Build.0 = Debug|Any CPU
		{3941A7B7-A640-5BD7-D40A-DE167CEEA9B8}.Release|Any CPU.ActiveCfg = Release|Any CPU
		{3941A7B7-A640-5BD7-D40A-DE167CEEA9B8}.Release|Any CPU.Build.0 = Release|Any CPU
	EndGlobalSection
	GlobalSection(SolutionProperties) = preSolution
		HideSolutionNode = FALSE
	EndGlobalSection
	GlobalSection(NestedProjects) = preSolution
		{06EE7611-FA4C-6E8B-6021-F512147C5438} = {1787FE1D-075E-9E68-7218-25F1BD1BBEAB}
		{3941A7B7-A640-5BD7-D40A-DE167CEEA9B8} = {06EE7611-FA4C-6E8B-6021-F512147C5438}
	EndGlobalSection
	GlobalSection(ExtensibilityGlobals) = postSolution
		SolutionGuid = {BFA3CA0D-791E-4127-911B-F762222105DB}
	EndGlobalSection
EndGlobal
